{
  "name": "36-napi",
  "version": "1.0.0",
  "lockfileVersion": 1,
  "requires": true,
  "dependencies": {
    "node-addon-api": {
      "version": "0.6.3",
      "resolved": "https://registry.npmjs.org/node-addon-api/-/node-addon-api-0.6.3.tgz",
      "integrity": "sha512-FikxTt0OaQ716zlsKKxZoRRyd0aAOJNRKK2ne4dS2R4FoEJXb7HyyxDTnYnLc22u0N2S2wiYuRm2gvehEdn4zQ=="
    }
  }
}
